
Microsoft Visual Studio Solution File, Format Version 12.00
# Visual Studio Version 17
VisualStudioVersion = 17.2.32516.85
MinimumVisualStudioVersion = 10.0.40219.1
Project("{9A19103F-16F7-4668-BE54-9A1E7A4F7556}") = "Fall_fall", "Fall_fall\Fall_fall.csproj", "{EEFFE133-5217-4330-ADF0-22ED2AA64639}"
EndProject
Project("{FAE04EC0-301F-11D3-BF4B-00C04F79EFBC}") = "AccelarationTest", "AccelarationTest\AccelarationTest.csproj", "{A3F8FC92-0A56-4BDF-8598-F1CC9E4D76A5}"
EndProject
Global
	GlobalSection(SolutionConfigurationPlatforms) = preSolution
		Debug|Any CPU = Debug|Any CPU
		Release|Any CPU = Release|Any CPU
	EndGlobalSection
	GlobalSection(ProjectConfigurationPlatforms) = postSolution
		{EEFFE133-5217-4330-ADF0-22ED2AA64639}.Debug|Any CPU.ActiveCfg = Debug|Any CPU
		{EEFFE133-5217-4330-ADF0-22ED2AA64639}.Debug|Any CPU.Build.0 = Debug|Any CPU
		{EEFFE133-5217-4330-ADF0-22ED2AA64639}.Release|Any CPU.ActiveCfg = Release|Any CPU
		{EEFFE133-5217-4330-ADF0-22ED2AA64639}.Release|Any CPU.Build.0 = Release|Any CPU
		{A3F8FC92-0A56-4BDF-8598-F1CC9E4D76A5}.Debug|Any CPU.ActiveCfg = Debug|Any CPU
		{A3F8FC92-0A56-4BDF-8598-F1CC9E4D76A5}.Debug|Any CPU.Build.0 = Debug|Any CPU
		{A3F8FC92-0A56-4BDF-8598-F1CC9E4D76A5}.Release|Any CPU.ActiveCfg = Release|Any CPU
		{A3F8FC92-0A56-4BDF-8598-F1CC9E4D76A5}.Release|Any CPU.Build.0 = Release|Any CPU
	EndGlobalSection
	GlobalSection(SolutionProperties) = preSolution
		HideSolutionNode = FALSE
	EndGlobalSection
	GlobalSection(ExtensibilityGlobals) = postSolution
		SolutionGuid = {B0F6EE3F-DD23-4093-AA52-880B77BC900F}
	EndGlobalSection
EndGlobal
